// !$*UTF8*$!
{
	archiveVersion = 1;
	classes = {
	};
	objectVersion = 55;
	objects = {

/* Begin PBXBuildFile section */
		C96E941428AE8AA1000ED6D2 /* LocaleApp.swift in Sources */ = {isa = PBXBuildFile; fileRef = C96E941328AE8AA1000ED6D2 /* LocaleApp.swift */; };
		C96E941628AE8AA1000ED6D2 /* SearchPlacesView.swift in Sources */ = {isa = PBXBuildFile; fileRef = C96E941528AE8AA1000ED6D2 /* SearchPlacesView.swift */; };
		C96E941828AE8AA2000ED6D2 /* Assets.xcassets in Resources */ = {isa = PBXBuildFile; fileRef = C96E941728AE8AA2000ED6D2 /* Assets.xcassets */; };
		C96E941B28AE8AA2000ED6D2 /* Preview Assets.xcassets in Resources */ = {isa = PBXBuildFile; fileRef = C96E941A28AE8AA2000ED6D2 /* Preview Assets.xcassets */; };
		C9A8FF1728AE8BAB00CC40F2 /* SearchPlacesViewModel.swift in Sources */ = {isa = PBXBuildFile; fileRef = C9A8FF1628AE8BAB00CC40F2 /* SearchPlacesViewModel.swift */; };
		C9A8FF1A28AE8BEC00CC40F2 /* PlacesRepository.swift in Sources */ = {isa = PBXBuildFile; fileRef = C9A8FF1928AE8BEC00CC40F2 /* PlacesRepository.swift */; };
		C9A8FF2128AE8D8500CC40F2 /* NetworkProvider.swift in Sources */ = {isa = PBXBuildFile; fileRef = C9A8FF2028AE8D8500CC40F2 /* NetworkProvider.swift */; };
		C9A8FF2728AE8EB000CC40F2 /* PlacesSearchService.swift in Sources */ = {isa = PBXBuildFile; fileRef = C9A8FF2328AE8EB000CC40F2 /* PlacesSearchService.swift */; };
		C9A8FF2928AE8EB000CC40F2 /* CommonServices.swift in Sources */ = {isa = PBXBuildFile; fileRef = C9A8FF2528AE8EB000CC40F2 /* CommonServices.swift */; };
		C9A8FF2D28AE935100CC40F2 /* PlacesResult.swift in Sources */ = {isa = PBXBuildFile; fileRef = C9A8FF2C28AE935100CC40F2 /* PlacesResult.swift */; };
		C9A8FF3428AE982B00CC40F2 /* NetworkProvider in Frameworks */ = {isa = PBXBuildFile; productRef = C9A8FF3328AE982B00CC40F2 /* NetworkProvider */; };
		C9DA5F2128B23386008D4FCF /* ImageView.swift in Sources */ = {isa = PBXBuildFile; fileRef = C9DA5F2028B23386008D4FCF /* ImageView.swift */; };
		C9DA5F2328B233DA008D4FCF /* CategoriesView.swift in Sources */ = {isa = PBXBuildFile; fileRef = C9DA5F2228B233DA008D4FCF /* CategoriesView.swift */; };
		C9DA5F2528B23416008D4FCF /* AddressView.swift in Sources */ = {isa = PBXBuildFile; fileRef = C9DA5F2428B23416008D4FCF /* AddressView.swift */; };
		C9DA5F2728B23437008D4FCF /* NameView.swift in Sources */ = {isa = PBXBuildFile; fileRef = C9DA5F2628B23437008D4FCF /* NameView.swift */; };
		C9DA5F2928B23471008D4FCF /* MapDetails.swift in Sources */ = {isa = PBXBuildFile; fileRef = C9DA5F2828B23471008D4FCF /* MapDetails.swift */; };
		C9DA5F2B28B234A3008D4FCF /* MapPinDetails.swift in Sources */ = {isa = PBXBuildFile; fileRef = C9DA5F2A28B234A3008D4FCF /* MapPinDetails.swift */; };
		C9DA5F2D28B234F1008D4FCF /* PinPopover.swift in Sources */ = {isa = PBXBuildFile; fileRef = C9DA5F2C28B234F1008D4FCF /* PinPopover.swift */; };
		C9DA5F2F28B23542008D4FCF /* SearchView.swift in Sources */ = {isa = PBXBuildFile; fileRef = C9DA5F2E28B23542008D4FCF /* SearchView.swift */; };
		C9DA5F3328B23C52008D4FCF /* Navigation.swift in Sources */ = {isa = PBXBuildFile; fileRef = C9DA5F3228B23C52008D4FCF /* Navigation.swift */; };
		C9DA5F3528B25165008D4FCF /* Segment.swift in Sources */ = {isa = PBXBuildFile; fileRef = C9DA5F3428B25165008D4FCF /* Segment.swift */; };
		C9DA5F3828B25F3F008D4FCF /* LocationManager.swift in Sources */ = {isa = PBXBuildFile; fileRef = C9DA5F3728B25F3F008D4FCF /* LocationManager.swift */; };
		C9DA5F4028B26000008D4FCF /* SearchPlacesViewModelTests.swift in Sources */ = {isa = PBXBuildFile; fileRef = C9DA5F3F28B26000008D4FCF /* SearchPlacesViewModelTests.swift */; };
		C9DA5F4728B26635008D4FCF /* LocationManagerTests.swift in Sources */ = {isa = PBXBuildFile; fileRef = C9DA5F4628B26635008D4FCF /* LocationManagerTests.swift */; };
/* End PBXBuildFile section */

/* Begin PBXContainerItemProxy section */
		C9DA5F4128B26000008D4FCF /* PBXContainerItemProxy */ = {
			isa = PBXContainerItemProxy;
			containerPortal = C96E940828AE8AA1000ED6D2 /* Project object */;
			proxyType = 1;
			remoteGlobalIDString = C96E940F28AE8AA1000ED6D2;
			remoteInfo = Locale;
		};
/* End PBXContainerItemProxy section */

/* Begin PBXFileReference section */
		C96E941028AE8AA1000ED6D2 /* Locale.app */ = {isa = PBXFileReference; explicitFileType = wrapper.application; includeInIndex = 0; path = Locale.app; sourceTree = BUILT_PRODUCTS_DIR; };
		C96E941328AE8AA1000ED6D2 /* LocaleApp.swift */ = {isa = PBXFileReference; lastKnownFileType = sourcecode.swift; path = LocaleApp.swift; sourceTree = "<group>"; };
		C96E941528AE8AA1000ED6D2 /* SearchPlacesView.swift */ = {isa = PBXFileReference; lastKnownFileType = sourcecode.swift; path = SearchPlacesView.swift; sourceTree = "<group>"; };
		C96E941728AE8AA2000ED6D2 /* Assets.xcassets */ = {isa = PBXFileReference; lastKnownFileType = folder.assetcatalog; path = Assets.xcassets; sourceTree = "<group>"; };
		C96E941A28AE8AA2000ED6D2 /* Preview Assets.xcassets */ = {isa = PBXFileReference; lastKnownFileType = folder.assetcatalog; path = "Preview Assets.xcassets"; sourceTree = "<group>"; };
		C9A8FF1628AE8BAB00CC40F2 /* SearchPlacesViewModel.swift */ = {isa = PBXFileReference; lastKnownFileType = sourcecode.swift; path = SearchPlacesViewModel.swift; sourceTree = "<group>"; };
		C9A8FF1928AE8BEC00CC40F2 /* PlacesRepository.swift */ = {isa = PBXFileReference; lastKnownFileType = sourcecode.swift; path = PlacesRepository.swift; sourceTree = "<group>"; };
		C9A8FF2028AE8D8500CC40F2 /* NetworkProvider.swift */ = {isa = PBXFileReference; fileEncoding = 4; lastKnownFileType = sourcecode.swift; path = NetworkProvider.swift; sourceTree = "<group>"; };
		C9A8FF2328AE8EB000CC40F2 /* PlacesSearchService.swift */ = {isa = PBXFileReference; fileEncoding = 4; lastKnownFileType = sourcecode.swift; path = PlacesSearchService.swift; sourceTree = "<group>"; };
		C9A8FF2528AE8EB000CC40F2 /* CommonServices.swift */ = {isa = PBXFileReference; fileEncoding = 4; lastKnownFileType = sourcecode.swift; path = CommonServices.swift; sourceTree = "<group>"; };
		C9A8FF2C28AE935100CC40F2 /* PlacesResult.swift */ = {isa = PBXFileReference; lastKnownFileType = sourcecode.swift; path = PlacesResult.swift; sourceTree = "<group>"; };
		C9A8FF3528AE986200CC40F2 /* NetworkProvider */ = {isa = PBXFileReference; lastKnownFileType = wrapper; name = NetworkProvider; path = Packages/NetworkProvider; sourceTree = "<group>"; };
		C9DA5F2028B23386008D4FCF /* ImageView.swift */ = {isa = PBXFileReference; lastKnownFileType = sourcecode.swift; path = ImageView.swift; sourceTree = "<group>"; };
		C9DA5F2228B233DA008D4FCF /* CategoriesView.swift */ = {isa = PBXFileReference; lastKnownFileType = sourcecode.swift; path = CategoriesView.swift; sourceTree = "<group>"; };
		C9DA5F2428B23416008D4FCF /* AddressView.swift */ = {isa = PBXFileReference; lastKnownFileType = sourcecode.swift; path = AddressView.swift; sourceTree = "<group>"; };
		C9DA5F2628B23437008D4FCF /* NameView.swift */ = {isa = PBXFileReference; lastKnownFileType = sourcecode.swift; path = NameView.swift; sourceTree = "<group>"; };
		C9DA5F2828B23471008D4FCF /* MapDetails.swift */ = {isa = PBXFileReference; lastKnownFileType = sourcecode.swift; path = MapDetails.swift; sourceTree = "<group>"; };
		C9DA5F2A28B234A3008D4FCF /* MapPinDetails.swift */ = {isa = PBXFileReference; lastKnownFileType = sourcecode.swift; path = MapPinDetails.swift; sourceTree = "<group>"; };
		C9DA5F2C28B234F1008D4FCF /* PinPopover.swift */ = {isa = PBXFileReference; lastKnownFileType = sourcecode.swift; path = PinPopover.swift; sourceTree = "<group>"; };
		C9DA5F2E28B23542008D4FCF /* SearchView.swift */ = {isa = PBXFileReference; lastKnownFileType = sourcecode.swift; path = SearchView.swift; sourceTree = "<group>"; };
		C9DA5F3228B23C52008D4FCF /* Navigation.swift */ = {isa = PBXFileReference; lastKnownFileType = sourcecode.swift; path = Navigation.swift; sourceTree = "<group>"; };
		C9DA5F3428B25165008D4FCF /* Segment.swift */ = {isa = PBXFileReference; lastKnownFileType = sourcecode.swift; path = Segment.swift; sourceTree = "<group>"; };
		C9DA5F3728B25F3F008D4FCF /* LocationManager.swift */ = {isa = PBXFileReference; lastKnownFileType = sourcecode.swift; path = LocationManager.swift; sourceTree = "<group>"; };
		C9DA5F3D28B26000008D4FCF /* LocaleTests.xctest */ = {isa = PBXFileReference; explicitFileType = wrapper.cfbundle; includeInIndex = 0; path = LocaleTests.xctest; sourceTree = BUILT_PRODUCTS_DIR; };
		C9DA5F3F28B26000008D4FCF /* SearchPlacesViewModelTests.swift */ = {isa = PBXFileReference; lastKnownFileType = sourcecode.swift; path = SearchPlacesViewModelTests.swift; sourceTree = "<group>"; };
		C9DA5F4628B26635008D4FCF /* LocationManagerTests.swift */ = {isa = PBXFileReference; lastKnownFileType = sourcecode.swift; path = LocationManagerTests.swift; sourceTree = "<group>"; };
/* End PBXFileReference section */

/* Begin PBXFrameworksBuildPhase section */
		C96E940D28AE8AA1000ED6D2 /* Frameworks */ = {
			isa = PBXFrameworksBuildPhase;
			buildActionMask = 2147483647;
			files = (
				C9A8FF3428AE982B00CC40F2 /* NetworkProvider in Frameworks */,
			);
			runOnlyForDeploymentPostprocessing = 0;
		};
		C9DA5F3A28B26000008D4FCF /* Frameworks */ = {
			isa = PBXFrameworksBuildPhase;
			buildActionMask = 2147483647;
			files = (
			);
			runOnlyForDeploymentPostprocessing = 0;
		};
/* End PBXFrameworksBuildPhase section */

/* Begin PBXGroup section */
		C96E940728AE8AA1000ED6D2 = {
			isa = PBXGroup;
			children = (
				C9A8FF3128AE981F00CC40F2 /* Packages */,
				C96E941228AE8AA1000ED6D2 /* Locale */,
				C9DA5F3E28B26000008D4FCF /* LocaleTests */,
				C96E941128AE8AA1000ED6D2 /* Products */,
				C9A8FF2E28AE978000CC40F2 /* Frameworks */,
			);
			sourceTree = "<group>";
		};
		C96E941128AE8AA1000ED6D2 /* Products */ = {
			isa = PBXGroup;
			children = (
				C96E941028AE8AA1000ED6D2 /* Locale.app */,
				C9DA5F3D28B26000008D4FCF /* LocaleTests.xctest */,
			);
			name = Products;
			sourceTree = "<group>";
		};
		C96E941228AE8AA1000ED6D2 /* Locale */ = {
			isa = PBXGroup;
			children = (
				C9DA5F1E28B23355008D4FCF /* CoreKit */,
				C9A8FF2B28AE934200CC40F2 /* Models */,
				C9A8FF2228AE8EB000CC40F2 /* Services */,
				C9A8FF1B28AE8C0100CC40F2 /* NetworkProvider */,
				C9A8FF1828AE8BCD00CC40F2 /* Repositories */,
				C9A8FF1528AE8B3700CC40F2 /* SearchPlaces */,
				C96E941328AE8AA1000ED6D2 /* LocaleApp.swift */,
				C96E941728AE8AA2000ED6D2 /* Assets.xcassets */,
				C96E941928AE8AA2000ED6D2 /* Preview Content */,
			);
			path = Locale;
			sourceTree = "<group>";
		};
		C96E941928AE8AA2000ED6D2 /* Preview Content */ = {
			isa = PBXGroup;
			children = (
				C96E941A28AE8AA2000ED6D2 /* Preview Assets.xcassets */,
			);
			path = "Preview Content";
			sourceTree = "<group>";
		};
		C9A8FF1528AE8B3700CC40F2 /* SearchPlaces */ = {
			isa = PBXGroup;
			children = (
				C96E941528AE8AA1000ED6D2 /* SearchPlacesView.swift */,
				C9A8FF1628AE8BAB00CC40F2 /* SearchPlacesViewModel.swift */,
			);
			path = SearchPlaces;
			sourceTree = "<group>";
		};
		C9A8FF1828AE8BCD00CC40F2 /* Repositories */ = {
			isa = PBXGroup;
			children = (
				C9A8FF1928AE8BEC00CC40F2 /* PlacesRepository.swift */,
			);
			path = Repositories;
			sourceTree = "<group>";
		};
		C9A8FF1B28AE8C0100CC40F2 /* NetworkProvider */ = {
			isa = PBXGroup;
			children = (
				C9A8FF2028AE8D8500CC40F2 /* NetworkProvider.swift */,
			);
			path = NetworkProvider;
			sourceTree = "<group>";
		};
		C9A8FF2228AE8EB000CC40F2 /* Services */ = {
			isa = PBXGroup;
			children = (
				C9A8FF2328AE8EB000CC40F2 /* PlacesSearchService.swift */,
				C9A8FF2528AE8EB000CC40F2 /* CommonServices.swift */,
			);
			path = Services;
			sourceTree = "<group>";
		};
		C9A8FF2B28AE934200CC40F2 /* Models */ = {
			isa = PBXGroup;
			children = (
				C9A8FF2C28AE935100CC40F2 /* PlacesResult.swift */,
			);
			path = Models;
			sourceTree = "<group>";
		};
		C9A8FF2E28AE978000CC40F2 /* Frameworks */ = {
			isa = PBXGroup;
			children = (
			);
			name = Frameworks;
			sourceTree = "<group>";
		};
		C9A8FF3128AE981F00CC40F2 /* Packages */ = {
			isa = PBXGroup;
			children = (
				C9A8FF3528AE986200CC40F2 /* NetworkProvider */,
			);
			name = Packages;
			sourceTree = "<group>";
		};
		C9DA5F1E28B23355008D4FCF /* CoreKit */ = {
			isa = PBXGroup;
			children = (
				C9DA5F3628B25F29008D4FCF /* Managers */,
				C9DA5F1F28B23378008D4FCF /* Views */,
			);
			path = CoreKit;
			sourceTree = "<group>";
		};
		C9DA5F1F28B23378008D4FCF /* Views */ = {
			isa = PBXGroup;
			children = (
				C9DA5F2028B23386008D4FCF /* ImageView.swift */,
				C9DA5F2228B233DA008D4FCF /* CategoriesView.swift */,
				C9DA5F2428B23416008D4FCF /* AddressView.swift */,
				C9DA5F2628B23437008D4FCF /* NameView.swift */,
				C9DA5F2828B23471008D4FCF /* MapDetails.swift */,
				C9DA5F2A28B234A3008D4FCF /* MapPinDetails.swift */,
				C9DA5F2C28B234F1008D4FCF /* PinPopover.swift */,
				C9DA5F2E28B23542008D4FCF /* SearchView.swift */,
				C9DA5F3228B23C52008D4FCF /* Navigation.swift */,
				C9DA5F3428B25165008D4FCF /* Segment.swift */,
			);
			path = Views;
			sourceTree = "<group>";
		};
		C9DA5F3628B25F29008D4FCF /* Managers */ = {
			isa = PBXGroup;
			children = (
				C9DA5F3728B25F3F008D4FCF /* LocationManager.swift */,
			);
			path = Managers;
			sourceTree = "<group>";
		};
		C9DA5F3E28B26000008D4FCF /* LocaleTests */ = {
			isa = PBXGroup;
			children = (
				C9DA5F3F28B26000008D4FCF /* SearchPlacesViewModelTests.swift */,
				C9DA5F4628B26635008D4FCF /* LocationManagerTests.swift */,
			);
			path = LocaleTests;
			sourceTree = "<group>";
		};
/* End PBXGroup section */

/* Begin PBXNativeTarget section */
		C96E940F28AE8AA1000ED6D2 /* Locale */ = {
			isa = PBXNativeTarget;
			buildConfigurationList = C96E941E28AE8AA2000ED6D2 /* Build configuration list for PBXNativeTarget "Locale" */;
			buildPhases = (
				C96E940C28AE8AA1000ED6D2 /* Sources */,
				C96E940D28AE8AA1000ED6D2 /* Frameworks */,
				C96E940E28AE8AA1000ED6D2 /* Resources */,
			);
			buildRules = (
			);
			dependencies = (
			);
			name = Locale;
			packageProductDependencies = (
				C9A8FF3328AE982B00CC40F2 /* NetworkProvider */,
			);
			productName = Locale;
			productReference = C96E941028AE8AA1000ED6D2 /* Locale.app */;
			productType = "com.apple.product-type.application";
		};
		C9DA5F3C28B26000008D4FCF /* LocaleTests */ = {
			isa = PBXNativeTarget;
			buildConfigurationList = C9DA5F4328B26000008D4FCF /* Build configuration list for PBXNativeTarget "LocaleTests" */;
			buildPhases = (
				C9DA5F3928B26000008D4FCF /* Sources */,
				C9DA5F3A28B26000008D4FCF /* Frameworks */,
				C9DA5F3B28B26000008D4FCF /* Resources */,
			);
			buildRules = (
			);
			dependencies = (
				C9DA5F4228B26000008D4FCF /* PBXTargetDependency */,
			);
			name = LocaleTests;
			productName = LocaleTests;
			productReference = C9DA5F3D28B26000008D4FCF /* LocaleTests.xctest */;
			productType = "com.apple.product-type.bundle.unit-test";
		};
/* End PBXNativeTarget section */

/* Begin PBXProject section */
		C96E940828AE8AA1000ED6D2 /* Project object */ = {
			isa = PBXProject;
			attributes = {
				BuildIndependentTargetsInParallel = 1;
				LastSwiftUpdateCheck = 1340;
				LastUpgradeCheck = 1340;
				TargetAttributes = {
					C96E940F28AE8AA1000ED6D2 = {
						CreatedOnToolsVersion = 13.4.1;
					};
					C9DA5F3C28B26000008D4FCF = {
						CreatedOnToolsVersion = 13.4.1;
						TestTargetID = C96E940F28AE8AA1000ED6D2;
					};
				};
			};
			buildConfigurationList = C96E940B28AE8AA1000ED6D2 /* Build configuration list for PBXProject "Locale" */;
			compatibilityVersion = "Xcode 13.0";
			developmentRegion = en;
			hasScannedForEncodings = 0;
			knownRegions = (
				en,
				Base,
			);
			mainGroup = C96E940728AE8AA1000ED6D2;
			packageReferences = (
			);
			productRefGroup = C96E941128AE8AA1000ED6D2 /* Products */;
			projectDirPath = "";
			projectRoot = "";
			targets = (
				C96E940F28AE8AA1000ED6D2 /* Locale */,
				C9DA5F3C28B26000008D4FCF /* LocaleTests */,
			);
		};
/* End PBXProject section */

/* Begin PBXResourcesBuildPhase section */
		C96E940E28AE8AA1000ED6D2 /* Resources */ = {
			isa = PBXResourcesBuildPhase;
			buildActionMask = 2147483647;
			files = (
				C96E941B28AE8AA2000ED6D2 /* Preview Assets.xcassets in Resources */,
				C96E941828AE8AA2000ED6D2 /* Assets.xcassets in Resources */,
			);
			runOnlyForDeploymentPostprocessing = 0;
		};
		C9DA5F3B28B26000008D4FCF /* Resources */ = {
			isa = PBXResourcesBuildPhase;
			buildActionMask = 2147483647;
			files = (
			);
			runOnlyForDeploymentPostprocessing = 0;
		};
/* End PBXResourcesBuildPhase section */

/* Begin PBXSourcesBuildPhase section */
		C96E940C28AE8AA1000ED6D2 /* Sources */ = {
			isa = PBXSourcesBuildPhase;
			buildActionMask = 2147483647;
			files = (
				C96E941628AE8AA1000ED6D2 /* SearchPlacesView.swift in Sources */,
				C9DA5F3528B25165008D4FCF /* Segment.swift in Sources */,
				C9A8FF1A28AE8BEC00CC40F2 /* PlacesRepository.swift in Sources */,
				C96E941428AE8AA1000ED6D2 /* LocaleApp.swift in Sources */,
				C9A8FF1728AE8BAB00CC40F2 /* SearchPlacesViewModel.swift in Sources */,
				C9A8FF2928AE8EB000CC40F2 /* CommonServices.swift in Sources */,
				C9DA5F2728B23437008D4FCF /* NameView.swift in Sources */,
				C9A8FF2728AE8EB000CC40F2 /* PlacesSearchService.swift in Sources */,
				C9DA5F2528B23416008D4FCF /* AddressView.swift in Sources */,
				C9DA5F3328B23C52008D4FCF /* Navigation.swift in Sources */,
				C9DA5F2128B23386008D4FCF /* ImageView.swift in Sources */,
				C9A8FF2128AE8D8500CC40F2 /* NetworkProvider.swift in Sources */,
				C9DA5F2328B233DA008D4FCF /* CategoriesView.swift in Sources */,
				C9DA5F2D28B234F1008D4FCF /* PinPopover.swift in Sources */,
				C9DA5F2F28B23542008D4FCF /* SearchView.swift in Sources */,
				C9DA5F2B28B234A3008D4FCF /* MapPinDetails.swift in Sources */,
				C9A8FF2D28AE935100CC40F2 /* PlacesResult.swift in Sources */,
				C9DA5F3828B25F3F008D4FCF /* LocationManager.swift in Sources */,
				C9DA5F2928B23471008D4FCF /* MapDetails.swift in Sources */,
			);
			runOnlyForDeploymentPostprocessing = 0;
		};
		C9DA5F3928B26000008D4FCF /* Sources */ = {
			isa = PBXSourcesBuildPhase;
			buildActionMask = 2147483647;
			files = (
				C9DA5F4728B26635008D4FCF /* LocationManagerTests.swift in Sources */,
				C9DA5F4028B26000008D4FCF /* SearchPlacesViewModelTests.swift in Sources */,
			);
			runOnlyForDeploymentPostprocessing = 0;
		};
/* End PBXSourcesBuildPhase section */

/* Begin PBXTargetDependency section */
		C9DA5F4228B26000008D4FCF /* PBXTargetDependency */ = {
			isa = PBXTargetDependency;
			target = C96E940F28AE8AA1000ED6D2 /* Locale */;
			targetProxy = C9DA5F4128B26000008D4FCF /* PBXContainerItemProxy */;
		};
/* End PBXTargetDependency section */

/* Begin XCBuildConfiguration section */
		C96E941C28AE8AA2000ED6D2 /* Debug */ = {
			isa = XCBuildConfiguration;
			buildSettings = {
				ALWAYS_SEARCH_USER_PATHS = NO;
				CLANG_ANALYZER_NONNULL = YES;
				CLANG_ANALYZER_NUMBER_OBJECT_CONVERSION = YES_AGGRESSIVE;
				CLANG_CXX_LANGUAGE_STANDARD = "gnu++17";
				CLANG_ENABLE_MODULES = YES;
				CLANG_ENABLE_OBJC_ARC = YES;
				CLANG_ENABLE_OBJC_WEAK = YES;
				CLANG_WARN_BLOCK_CAPTURE_AUTORELEASING = YES;
				CLANG_WARN_BOOL_CONVERSION = YES;
				CLANG_WARN_COMMA = YES;
				CLANG_WARN_CONSTANT_CONVERSION = YES;
				CLANG_WARN_DEPRECATED_OBJC_IMPLEMENTATIONS = YES;
				CLANG_WARN_DIRECT_OBJC_ISA_USAGE = YES_ERROR;
				CLANG_WARN_DOCUMENTATION_COMMENTS = YES;
				CLANG_WARN_EMPTY_BODY = YES;
				CLANG_WARN_ENUM_CONVERSION = YES;
				CLANG_WARN_INFINITE_RECURSION = YES;
				CLANG_WARN_INT_CONVERSION = YES;
				CLANG_WARN_NON_LITERAL_NULL_CONVERSION = YES;
				CLANG_WARN_OBJC_IMPLICIT_RETAIN_SELF = YES;
				CLANG_WARN_OBJC_LITERAL_CONVERSION = YES;
				CLANG_WARN_OBJC_ROOT_CLASS = YES_ERROR;
				CLANG_WARN_QUOTED_INCLUDE_IN_FRAMEWORK_HEADER = YES;
				CLANG_WARN_RANGE_LOOP_ANALYSIS = YES;
				CLANG_WARN_STRICT_PROTOTYPES = YES;
				CLANG_WARN_SUSPICIOUS_MOVE = YES;
				CLANG_WARN_UNGUARDED_AVAILABILITY = YES_AGGRESSIVE;
				CLANG_WARN_UNREACHABLE_CODE = YES;
				CLANG_WARN__DUPLICATE_METHOD_MATCH = YES;
				COPY_PHASE_STRIP = NO;
				DEBUG_INFORMATION_FORMAT = dwarf;
				ENABLE_STRICT_OBJC_MSGSEND = YES;
				ENABLE_TESTABILITY = YES;
				GCC_C_LANGUAGE_STANDARD = gnu11;
				GCC_DYNAMIC_NO_PIC = NO;
				GCC_NO_COMMON_BLOCKS = YES;
				GCC_OPTIMIZATION_LEVEL = 0;
				GCC_PREPROCESSOR_DEFINITIONS = (
					"DEBUG=1",
					"$(inherited)",
				);
				GCC_WARN_64_TO_32_BIT_CONVERSION = YES;
				GCC_WARN_ABOUT_RETURN_TYPE = YES_ERROR;
				GCC_WARN_UNDECLARED_SELECTOR = YES;
				GCC_WARN_UNINITIALIZED_AUTOS = YES_AGGRESSIVE;
				GCC_WARN_UNUSED_FUNCTION = YES;
				GCC_WARN_UNUSED_VARIABLE = YES;
				IPHONEOS_DEPLOYMENT_TARGET = 15.5;
				MTL_ENABLE_DEBUG_INFO = INCLUDE_SOURCE;
				MTL_FAST_MATH = YES;
				ONLY_ACTIVE_ARCH = YES;
				SDKROOT = iphoneos;
				SWIFT_ACTIVE_COMPILATION_CONDITIONS = DEBUG;
				SWIFT_OPTIMIZATION_LEVEL = "-Onone";
			};
			name = Debug;
		};
		C96E941D28AE8AA2000ED6D2 /* Release */ = {
			isa = XCBuildConfiguration;
			buildSettings = {
				ALWAYS_SEARCH_USER_PATHS = NO;
				CLANG_ANALYZER_NONNULL = YES;
				CLANG_ANALYZER_NUMBER_OBJECT_CONVERSION = YES_AGGRESSIVE;
				CLANG_CXX_LANGUAGE_STANDARD = "gnu++17";
				CLANG_ENABLE_MODULES = YES;
				CLANG_ENABLE_OBJC_ARC = YES;
				CLANG_ENABLE_OBJC_WEAK = YES;
				CLANG_WARN_BLOCK_CAPTURE_AUTORELEASING = YES;
				CLANG_WARN_BOOL_CONVERSION = YES;
				CLANG_WARN_COMMA = YES;
				CLANG_WARN_CONSTANT_CONVERSION = YES;
				CLANG_WARN_DEPRECATED_OBJC_IMPLEMENTATIONS = YES;
				CLANG_WARN_DIRECT_OBJC_ISA_USAGE = YES_ERROR;
				CLANG_WARN_DOCUMENTATION_COMMENTS = YES;
				CLANG_WARN_EMPTY_BODY = YES;
				CLANG_WARN_ENUM_CONVERSION = YES;
				CLANG_WARN_INFINITE_RECURSION = YES;
				CLANG_WARN_INT_CONVERSION = YES;
				CLANG_WARN_NON_LITERAL_NULL_CONVERSION = YES;
				CLANG_WARN_OBJC_IMPLICIT_RETAIN_SELF = YES;
				CLANG_WARN_OBJC_LITERAL_CONVERSION = YES;
				CLANG_WARN_OBJC_ROOT_CLASS = YES_ERROR;
				CLANG_WARN_QUOTED_INCLUDE_IN_FRAMEWORK_HEADER = YES;
				CLANG_WARN_RANGE_LOOP_ANALYSIS = YES;
				CLANG_WARN_STRICT_PROTOTYPES = YES;
				CLANG_WARN_SUSPICIOUS_MOVE = YES;
				CLANG_WARN_UNGUARDED_AVAILABILITY = YES_AGGRESSIVE;
				CLANG_WARN_UNREACHABLE_CODE = YES;
				CLANG_WARN__DUPLICATE_METHOD_MATCH = YES;
				COPY_PHASE_STRIP = NO;
				DEBUG_INFORMATION_FORMAT = "dwarf-with-dsym";
				ENABLE_NS_ASSERTIONS = NO;
				ENABLE_STRICT_OBJC_MSGSEND = YES;
				GCC_C_LANGUAGE_STANDARD = gnu11;
				GCC_NO_COMMON_BLOCKS = YES;
				GCC_WARN_64_TO_32_BIT_CONVERSION = YES;
				GCC_WARN_ABOUT_RETURN_TYPE = YES_ERROR;
				GCC_WARN_UNDECLARED_SELECTOR = YES;
				GCC_WARN_UNINITIALIZED_AUTOS = YES_AGGRESSIVE;
				GCC_WARN_UNUSED_FUNCTION = YES;
				GCC_WARN_UNUSED_VARIABLE = YES;
				IPHONEOS_DEPLOYMENT_TARGET = 15.5;
				MTL_ENABLE_DEBUG_INFO = NO;
				MTL_FAST_MATH = YES;
				SDKROOT = iphoneos;
				SWIFT_COMPILATION_MODE = wholemodule;
				SWIFT_OPTIMIZATION_LEVEL = "-O";
				VALIDATE_PRODUCT = YES;
			};
			name = Release;
		};
		C96E941F28AE8AA2000ED6D2 /* Debug */ = {
			isa = XCBuildConfiguration;
			buildSettings = {
				ASSETCATALOG_COMPILER_APPICON_NAME = AppIcon;
				ASSETCATALOG_COMPILER_GLOBAL_ACCENT_COLOR_NAME = AccentColor;
				CODE_SIGN_STYLE = Automatic;
				CURRENT_PROJECT_VERSION = 1;
				DEVELOPMENT_ASSET_PATHS = "\"Locale/Preview Content\"";
				DEVELOPMENT_TEAM = SVKXCL5QB5;
				ENABLE_PREVIEWS = YES;
				GENERATE_INFOPLIST_FILE = YES;
				INFOPLIST_KEY_NSLocationUsageDescription = "Get near by places by allowing location";
				INFOPLIST_KEY_NSLocationWhenInUseUsageDescription = "Get near by places by allowing location";
				INFOPLIST_KEY_UIApplicationSceneManifest_Generation = YES;
				INFOPLIST_KEY_UIApplicationSupportsIndirectInputEvents = YES;
				INFOPLIST_KEY_UILaunchScreen_Generation = YES;
				INFOPLIST_KEY_UISupportedInterfaceOrientations_iPad = "UIInterfaceOrientationPortrait UIInterfaceOrientationPortraitUpsideDown UIInterfaceOrientationLandscapeLeft UIInterfaceOrientationLandscapeRight";
				INFOPLIST_KEY_UISupportedInterfaceOrientations_iPhone = "UIInterfaceOrientationPortrait UIInterfaceOrientationLandscapeLeft UIInterfaceOrientationLandscapeRight";
				LD_RUNPATH_SEARCH_PATHS = (
					"$(inherited)",
					"@executable_path/Frameworks",
				);
				MARKETING_VERSION = 1.0;
				PRODUCT_BUNDLE_IDENTIFIER = com.een.Locale;
				PRODUCT_NAME = Locale;
				SWIFT_EMIT_LOC_STRINGS = YES;
				SWIFT_VERSION = 5.0;
				TARGETED_DEVICE_FAMILY = "1,2";
			};
			name = Debug;
		};
		C96E942028AE8AA2000ED6D2 /* Release */ = {
			isa = XCBuildConfiguration;
			buildSettings = {
				ASSETCATALOG_COMPILER_APPICON_NAME = AppIcon;
				ASSETCATALOG_COMPILER_GLOBAL_ACCENT_COLOR_NAME = AccentColor;
				CODE_SIGN_STYLE = Automatic;
				CURRENT_PROJECT_VERSION = 1;
				DEVELOPMENT_ASSET_PATHS = "\"Locale/Preview Content\"";
				DEVELOPMENT_TEAM = SVKXCL5QB5;
				ENABLE_PREVIEWS = YES;
				GENERATE_INFOPLIST_FILE = YES;
				INFOPLIST_KEY_NSLocationUsageDescription = "Get near by places by allowing location";
				INFOPLIST_KEY_NSLocationWhenInUseUsageDescription = "Get near by places by allowing location";
				INFOPLIST_KEY_UIApplicationSceneManifest_Generation = YES;
				INFOPLIST_KEY_UIApplicationSupportsIndirectInputEvents = YES;
				INFOPLIST_KEY_UILaunchScreen_Generation = YES;
				INFOPLIST_KEY_UISupportedInterfaceOrientations_iPad = "UIInterfaceOrientationPortrait UIInterfaceOrientationPortraitUpsideDown UIInterfaceOrientationLandscapeLeft UIInterfaceOrientationLandscapeRight";
				INFOPLIST_KEY_UISupportedInterfaceOrientations_iPhone = "UIInterfaceOrientationPortrait UIInterfaceOrientationLandscapeLeft UIInterfaceOrientationLandscapeRight";
				LD_RUNPATH_SEARCH_PATHS = (
					"$(inherited)",
					"@executable_path/Frameworks",
				);
				MARKETING_VERSION = 1.0;
				PRODUCT_BUNDLE_IDENTIFIER = com.een.Locale;
				PRODUCT_NAME = Locale;
				SWIFT_EMIT_LOC_STRINGS = YES;
				SWIFT_VERSION = 5.0;
				TARGETED_DEVICE_FAMILY = "1,2";
			};
			name = Release;
		};
		C9DA5F4428B26000008D4FCF /* Debug */ = {
			isa = XCBuildConfiguration;
			buildSettings = {
				BUNDLE_LOADER = "$(TEST_HOST)";
				CODE_SIGN_STYLE = Automatic;
				CURRENT_PROJECT_VERSION = 1;
				GENERATE_INFOPLIST_FILE = YES;
				MARKETING_VERSION = 1.0;
				PRODUCT_BUNDLE_IDENTIFIER = com.een.LocaleTests;
				PRODUCT_NAME = "$(TARGET_NAME)";
				SWIFT_EMIT_LOC_STRINGS = NO;
				SWIFT_VERSION = 5.0;
				TARGETED_DEVICE_FAMILY = "1,2";
				TEST_HOST = "$(BUILT_PRODUCTS_DIR)/Locale.app/Locale";
			};
			name = Debug;
		};
		C9DA5F4528B26000008D4FCF /* Release */ = {
			isa = XCBuildConfiguration;
			buildSettings = {
				BUNDLE_LOADER = "$(TEST_HOST)";
				CODE_SIGN_STYLE = Automatic;
				CURRENT_PROJECT_VERSION = 1;
				GENERATE_INFOPLIST_FILE = YES;
				MARKETING_VERSION = 1.0;
				PRODUCT_BUNDLE_IDENTIFIER = com.een.LocaleTests;
				PRODUCT_NAME = "$(TARGET_NAME)";
				SWIFT_EMIT_LOC_STRINGS = NO;
				SWIFT_VERSION = 5.0;
				TARGETED_DEVICE_FAMILY = "1,2";
				TEST_HOST = "$(BUILT_PRODUCTS_DIR)/Locale.app/Locale";
			};
			name = Release;
		};
/* End XCBuildConfiguration section */

/* Begin XCConfigurationList section */
		C96E940B28AE8AA1000ED6D2 /* Build configuration list for PBXProject "Locale" */ = {
			isa = XCConfigurationList;
			buildConfigurations = (
				C96E941C28AE8AA2000ED6D2 /* Debug */,
				C96E941D28AE8AA2000ED6D2 /* Release */,
			);
			defaultConfigurationIsVisible = 0;
			defaultConfigurationName = Release;
		};
		C96E941E28AE8AA2000ED6D2 /* Build configuration list for PBXNativeTarget "Locale" */ = {
			isa = XCConfigurationList;
			buildConfigurations = (
				C96E941F28AE8AA2000ED6D2 /* Debug */,
				C96E942028AE8AA2000ED6D2 /* Release */,
			);
			defaultConfigurationIsVisible = 0;
			defaultConfigurationName = Release;
		};
		C9DA5F4328B26000008D4FCF /* Build configuration list for PBXNativeTarget "LocaleTests" */ = {
			isa = XCConfigurationList;
			buildConfigurations = (
				C9DA5F4428B26000008D4FCF /* Debug */,
				C9DA5F4528B26000008D4FCF /* Release */,
			);
			defaultConfigurationIsVisible = 0;
			defaultConfigurationName = Release;
		};
/* End XCConfigurationList section */

/* Begin XCSwiftPackageProductDependency section */
		C9A8FF3328AE982B00CC40F2 /* NetworkProvider */ = {
			isa = XCSwiftPackageProductDependency;
			productName = NetworkProvider;
		};
/* End XCSwiftPackageProductDependency section */
	};
	rootObject = C96E940828AE8AA1000ED6D2 /* Project object */;
}
